// !$*UTF8*$!
{
	archiveVersion = 1;
	classes = {
	};
	objectVersion = 56;
	objects = {

/* Begin PBXBuildFile section */
		CC87598B292D35440001EB6B /* AppDelegate.swift in Sources */ = {isa = PBXBuildFile; fileRef = CC87598A292D35440001EB6B /* AppDelegate.swift */; };
		CC87598D292D35440001EB6B /* SceneDelegate.swift in Sources */ = {isa = PBXBuildFile; fileRef = CC87598C292D35440001EB6B /* SceneDelegate.swift */; };
		CC87598F292D35440001EB6B /* ViewController.swift in Sources */ = {isa = PBXBuildFile; fileRef = CC87598E292D35440001EB6B /* ViewController.swift */; };
		CC875992292D35440001EB6B /* Main.storyboard in Resources */ = {isa = PBXBuildFile; fileRef = CC875990292D35440001EB6B /* Main.storyboard */; };
		CC875994292D35480001EB6B /* Assets.xcassets in Resources */ = {isa = PBXBuildFile; fileRef = CC875993292D35480001EB6B /* Assets.xcassets */; };
		CC875997292D35480001EB6B /* LaunchScreen.storyboard in Resources */ = {isa = PBXBuildFile; fileRef = CC875995292D35480001EB6B /* LaunchScreen.storyboard */; };
		CC8759A5292D363A0001EB6B /* GreetingPresenter.swift in Sources */ = {isa = PBXBuildFile; fileRef = CC87599F292D363A0001EB6B /* GreetingPresenter.swift */; };
		CC8759A6292D363A0001EB6B /* GreetingWorker.swift in Sources */ = {isa = PBXBuildFile; fileRef = CC8759A0292D363A0001EB6B /* GreetingWorker.swift */; };
		CC8759A7292D363A0001EB6B /* GreetingRouter.swift in Sources */ = {isa = PBXBuildFile; fileRef = CC8759A1292D363A0001EB6B /* GreetingRouter.swift */; };
		CC8759A8292D363A0001EB6B /* GreetingModels.swift in Sources */ = {isa = PBXBuildFile; fileRef = CC8759A2292D363A0001EB6B /* GreetingModels.swift */; };
		CC8759A9292D363A0001EB6B /* GreetingViewController.swift in Sources */ = {isa = PBXBuildFile; fileRef = CC8759A3292D363A0001EB6B /* GreetingViewController.swift */; };
		CC8759AA292D363A0001EB6B /* GreetingInteractor.swift in Sources */ = {isa = PBXBuildFile; fileRef = CC8759A4292D363A0001EB6B /* GreetingInteractor.swift */; };
/* End PBXBuildFile section */

/* Begin PBXFileReference section */
		CC875987292D35440001EB6B /* CleanSwiftGreeting.app */ = {isa = PBXFileReference; explicitFileType = wrapper.application; includeInIndex = 0; path = CleanSwiftGreeting.app; sourceTree = BUILT_PRODUCTS_DIR; };
		CC87598A292D35440001EB6B /* AppDelegate.swift */ = {isa = PBXFileReference; lastKnownFileType = sourcecode.swift; path = AppDelegate.swift; sourceTree = "<group>"; };
		CC87598C292D35440001EB6B /* SceneDelegate.swift */ = {isa = PBXFileReference; lastKnownFileType = sourcecode.swift; path = SceneDelegate.swift; sourceTree = "<group>"; };
		CC87598E292D35440001EB6B /* ViewController.swift */ = {isa = PBXFileReference; lastKnownFileType = sourcecode.swift; path = ViewController.swift; sourceTree = "<group>"; };
		CC875991292D35440001EB6B /* Base */ = {isa = PBXFileReference; lastKnownFileType = file.storyboard; name = Base; path = Base.lproj/Main.storyboard; sourceTree = "<group>"; };
		CC875993292D35480001EB6B /* Assets.xcassets */ = {isa = PBXFileReference; lastKnownFileType = folder.assetcatalog; path = Assets.xcassets; sourceTree = "<group>"; };
		CC875996292D35480001EB6B /* Base */ = {isa = PBXFileReference; lastKnownFileType = file.storyboard; name = Base; path = Base.lproj/LaunchScreen.storyboard; sourceTree = "<group>"; };
		CC875998292D35480001EB6B /* Info.plist */ = {isa = PBXFileReference; lastKnownFileType = text.plist.xml; path = Info.plist; sourceTree = "<group>"; };
		CC87599F292D363A0001EB6B /* GreetingPresenter.swift */ = {isa = PBXFileReference; lastKnownFileType = sourcecode.swift; path = GreetingPresenter.swift; sourceTree = "<group>"; };
		CC8759A0292D363A0001EB6B /* GreetingWorker.swift */ = {isa = PBXFileReference; lastKnownFileType = sourcecode.swift; path = GreetingWorker.swift; sourceTree = "<group>"; };
		CC8759A1292D363A0001EB6B /* GreetingRouter.swift */ = {isa = PBXFileReference; lastKnownFileType = sourcecode.swift; path = GreetingRouter.swift; sourceTree = "<group>"; };
		CC8759A2292D363A0001EB6B /* GreetingModels.swift */ = {isa = PBXFileReference; lastKnownFileType = sourcecode.swift; path = GreetingModels.swift; sourceTree = "<group>"; };
		CC8759A3292D363A0001EB6B /* GreetingViewController.swift */ = {isa = PBXFileReference; lastKnownFileType = sourcecode.swift; path = GreetingViewController.swift; sourceTree = "<group>"; };
		CC8759A4292D363A0001EB6B /* GreetingInteractor.swift */ = {isa = PBXFileReference; lastKnownFileType = sourcecode.swift; path = GreetingInteractor.swift; sourceTree = "<group>"; };
/* End PBXFileReference section */

/* Begin PBXFrameworksBuildPhase section */
		CC875984292D35440001EB6B /* Frameworks */ = {
			isa = PBXFrameworksBuildPhase;
			buildActionMask = 2147483647;
			files = (
			);
			runOnlyForDeploymentPostprocessing = 0;
		};
/* End PBXFrameworksBuildPhase section */

/* Begin PBXGroup section */
		CC87597E292D35440001EB6B = {
			isa = PBXGroup;
			children = (
				CC875989292D35440001EB6B /* CleanSwiftGreeting */,
				CC875988292D35440001EB6B /* Products */,
			);
			sourceTree = "<group>";
		};
		CC875988292D35440001EB6B /* Products */ = {
			isa = PBXGroup;
			children = (
				CC875987292D35440001EB6B /* CleanSwiftGreeting.app */,
			);
			name = Products;
			sourceTree = "<group>";
		};
		CC875989292D35440001EB6B /* CleanSwiftGreeting */ = {
			isa = PBXGroup;
			children = (
				CC87599E292D35E30001EB6B /* Greeting */,
				CC87598A292D35440001EB6B /* AppDelegate.swift */,
				CC87598C292D35440001EB6B /* SceneDelegate.swift */,
				CC87598E292D35440001EB6B /* ViewController.swift */,
				CC875990292D35440001EB6B /* Main.storyboard */,
				CC875993292D35480001EB6B /* Assets.xcassets */,
				CC875995292D35480001EB6B /* LaunchScreen.storyboard */,
				CC875998292D35480001EB6B /* Info.plist */,
			);
			path = CleanSwiftGreeting;
			sourceTree = "<group>";
		};
		CC87599E292D35E30001EB6B /* Greeting */ = {
			isa = PBXGroup;
			children = (
				CC87599F292D363A0001EB6B /* GreetingPresenter.swift */,
				CC8759A0292D363A0001EB6B /* GreetingWorker.swift */,
				CC8759A1292D363A0001EB6B /* GreetingRouter.swift */,
				CC8759A2292D363A0001EB6B /* GreetingModels.swift */,
				CC8759A3292D363A0001EB6B /* GreetingViewController.swift */,
				CC8759A4292D363A0001EB6B /* GreetingInteractor.swift */,
			);
			path = Greeting;
			sourceTree = "<group>";
		};
/* End PBXGroup section */

/* Begin PBXNativeTarget section */
		CC875986292D35440001EB6B /* CleanSwiftGreeting */ = {
			isa = PBXNativeTarget;
			buildConfigurationList = CC87599B292D35480001EB6B /* Build configuration list for PBXNativeTarget "CleanSwiftGreeting" */;
			buildPhases = (
				CC875983292D35440001EB6B /* Sources */,
				CC875984292D35440001EB6B /* Frameworks */,
				CC875985292D35440001EB6B /* Resources */,
			);
			buildRules = (
			);
			dependencies = (
			);
			name = CleanSwiftGreeting;
			productName = CleanSwiftGreeting;
			productReference = CC875987292D35440001EB6B /* CleanSwiftGreeting.app */;
			productType = "com.apple.product-type.application";
		};
/* End PBXNativeTarget section */

/* Begin PBXProject section */
		CC87597F292D35440001EB6B /* Project object */ = {
			isa = PBXProject;
			attributes = {
				BuildIndependentTargetsInParallel = 1;
				LastSwiftUpdateCheck = 1410;
				LastUpgradeCheck = 1410;
				TargetAttributes = {
					CC875986292D35440001EB6B = {
						CreatedOnToolsVersion = 14.1;
					};
				};
			};
			buildConfigurationList = CC875982292D35440001EB6B /* Build configuration list for PBXProject "CleanSwiftGreeting" */;
			compatibilityVersion = "Xcode 14.0";
			developmentRegion = en;
			hasScannedForEncodings = 0;
			knownRegions = (
				en,
				Base,
			);
			mainGroup = CC87597E292D35440001EB6B;
			productRefGroup = CC875988292D35440001EB6B /* Products */;
			projectDirPath = "";
			projectRoot = "";
			targets = (
				CC875986292D35440001EB6B /* CleanSwiftGreeting */,
			);
		};
/* End PBXProject section */

/* Begin PBXResourcesBuildPhase section */
		CC875985292D35440001EB6B /* Resources */ = {
			isa = PBXResourcesBuildPhase;
			buildActionMask = 2147483647;
			files = (
				CC875997292D35480001EB6B /* LaunchScreen.storyboard in Resources */,
				CC875994292D35480001EB6B /* Assets.xcassets in Resources */,
				CC875992292D35440001EB6B /* Main.storyboard in Resources */,
			);
			runOnlyForDeploymentPostprocessing = 0;
		};
/* End PBXResourcesBuildPhase section */

/* Begin PBXSourcesBuildPhase section */
		CC875983292D35440001EB6B /* Sources */ = {
			isa = PBXSourcesBuildPhase;
			buildActionMask = 2147483647;
			files = (
				CC87598F292D35440001EB6B /* ViewController.swift in Sources */,
				CC8759A7292D363A0001EB6B /* GreetingRouter.swift in Sources */,
				CC87598B292D35440001EB6B /* AppDelegate.swift in Sources */,
				CC8759A9292D363A0001EB6B /* GreetingViewController.swift in Sources */,
				CC8759AA292D363A0001EB6B /* GreetingInteractor.swift in Sources */,
				CC8759A8292D363A0001EB6B /* GreetingModels.swift in Sources */,
				CC87598D292D35440001EB6B /* SceneDelegate.swift in Sources */,
				CC8759A5292D363A0001EB6B /* GreetingPresenter.swift in Sources */,
				CC8759A6292D363A0001EB6B /* GreetingWorker.swift in Sources */,
			);
			runOnlyForDeploymentPostprocessing = 0;
		};
/* End PBXSourcesBuildPhase section */

/* Begin PBXVariantGroup section */
		CC875990292D35440001EB6B /* Main.storyboard */ = {
			isa = PBXVariantGroup;
			children = (
				CC875991292D35440001EB6B /* Base */,
			);
			name = Main.storyboard;
			sourceTree = "<group>";
		};
		CC875995292D35480001EB6B /* LaunchScreen.storyboard */ = {
			isa = PBXVariantGroup;
			children = (
				CC875996292D35480001EB6B /* Base */,
			);
			name = LaunchScreen.storyboard;
			sourceTree = "<group>";
		};
/* End PBXVariantGroup section */

/* Begin XCBuildConfiguration section */
		CC875999292D35480001EB6B /* Debug */ = {
			isa = XCBuildConfiguration;
			buildSettings = {
				ALWAYS_SEARCH_USER_PATHS = NO;
				CLANG_ANALYZER_NONNULL = YES;
				CLANG_ANALYZER_NUMBER_OBJECT_CONVERSION = YES_AGGRESSIVE;
				CLANG_CXX_LANGUAGE_STANDARD = "gnu++20";
				CLANG_ENABLE_MODULES = YES;
				CLANG_ENABLE_OBJC_ARC = YES;
				CLANG_ENABLE_OBJC_WEAK = YES;
				CLANG_WARN_BLOCK_CAPTURE_AUTORELEASING = YES;
				CLANG_WARN_BOOL_CONVERSION = YES;
				CLANG_WARN_COMMA = YES;
				CLANG_WARN_CONSTANT_CONVERSION = YES;
				CLANG_WARN_DEPRECATED_OBJC_IMPLEMENTATIONS = YES;
				CLANG_WARN_DIRECT_OBJC_ISA_USAGE = YES_ERROR;
				CLANG_WARN_DOCUMENTATION_COMMENTS = YES;
				CLANG_WARN_EMPTY_BODY = YES;
				CLANG_WARN_ENUM_CONVERSION = YES;
				CLANG_WARN_INFINITE_RECURSION = YES;
				CLANG_WARN_INT_CONVERSION = YES;
				CLANG_WARN_NON_LITERAL_NULL_CONVERSION = YES;
				CLANG_WARN_OBJC_IMPLICIT_RETAIN_SELF = YES;
				CLANG_WARN_OBJC_LITERAL_CONVERSION = YES;
				CLANG_WARN_OBJC_ROOT_CLASS = YES_ERROR;
				CLANG_WARN_QUOTED_INCLUDE_IN_FRAMEWORK_HEADER = YES;
				CLANG_WARN_RANGE_LOOP_ANALYSIS = YES;
				CLANG_WARN_STRICT_PROTOTYPES = YES;
				CLANG_WARN_SUSPICIOUS_MOVE = YES;
				CLANG_WARN_UNGUARDED_AVAILABILITY = YES_AGGRESSIVE;
				CLANG_WARN_UNREACHABLE_CODE = YES;
				CLANG_WARN__DUPLICATE_METHOD_MATCH = YES;
				COPY_PHASE_STRIP = NO;
				DEBUG_INFORMATION_FORMAT = dwarf;
				ENABLE_STRICT_OBJC_MSGSEND = YES;
				ENABLE_TESTABILITY = YES;
				GCC_C_LANGUAGE_STANDARD = gnu11;
				GCC_DYNAMIC_NO_PIC = NO;
				GCC_NO_COMMON_BLOCKS = YES;
				GCC_OPTIMIZATION_LEVEL = 0;
				GCC_PREPROCESSOR_DEFINITIONS = (
					"DEBUG=1",
					"$(inherited)",
				);
				GCC_WARN_64_TO_32_BIT_CONVERSION = YES;
				GCC_WARN_ABOUT_RETURN_TYPE = YES_ERROR;
				GCC_WARN_UNDECLARED_SELECTOR = YES;
				GCC_WARN_UNINITIALIZED_AUTOS = YES_AGGRESSIVE;
				GCC_WARN_UNUSED_FUNCTION = YES;
				GCC_WARN_UNUSED_VARIABLE = YES;
				IPHONEOS_DEPLOYMENT_TARGET = 16.1;
				MTL_ENABLE_DEBUG_INFO = INCLUDE_SOURCE;
				MTL_FAST_MATH = YES;
				ONLY_ACTIVE_ARCH = YES;
				SDKROOT = iphoneos;
				SWIFT_ACTIVE_COMPILATION_CONDITIONS = DEBUG;
				SWIFT_OPTIMIZATION_LEVEL = "-Onone";
			};
			name = Debug;
		};
		CC87599A292D35480001EB6B /* Release */ = {
			isa = XCBuildConfiguration;
			buildSettings = {
				ALWAYS_SEARCH_USER_PATHS = NO;
				CLANG_ANALYZER_NONNULL = YES;
				CLANG_ANALYZER_NUMBER_OBJECT_CONVERSION = YES_AGGRESSIVE;
				CLANG_CXX_LANGUAGE_STANDARD = "gnu++20";
				CLANG_ENABLE_MODULES = YES;
				CLANG_ENABLE_OBJC_ARC = YES;
				CLANG_ENABLE_OBJC_WEAK = YES;
				CLANG_WARN_BLOCK_CAPTURE_AUTORELEASING = YES;
				CLANG_WARN_BOOL_CONVERSION = YES;
				CLANG_WARN_COMMA = YES;
				CLANG_WARN_CONSTANT_CONVERSION = YES;
				CLANG_WARN_DEPRECATED_OBJC_IMPLEMENTATIONS = YES;
				CLANG_WARN_DIRECT_OBJC_ISA_USAGE = YES_ERROR;
				CLANG_WARN_DOCUMENTATION_COMMENTS = YES;
				CLANG_WARN_EMPTY_BODY = YES;
				CLANG_WARN_ENUM_CONVERSION = YES;
				CLANG_WARN_INFINITE_RECURSION = YES;
				CLANG_WARN_INT_CONVERSION = YES;
				CLANG_WARN_NON_LITERAL_NULL_CONVERSION = YES;
				CLANG_WARN_OBJC_IMPLICIT_RETAIN_SELF = YES;
				CLANG_WARN_OBJC_LITERAL_CONVERSION = YES;
				CLANG_WARN_OBJC_ROOT_CLASS = YES_ERROR;
				CLANG_WARN_QUOTED_INCLUDE_IN_FRAMEWORK_HEADER = YES;
				CLANG_WARN_RANGE_LOOP_ANALYSIS = YES;
				CLANG_WARN_STRICT_PROTOTYPES = YES;
				CLANG_WARN_SUSPICIOUS_MOVE = YES;
				CLANG_WARN_UNGUARDED_AVAILABILITY = YES_AGGRESSIVE;
				CLANG_WARN_UNREACHABLE_CODE = YES;
				CLANG_WARN__DUPLICATE_METHOD_MATCH = YES;
				COPY_PHASE_STRIP = NO;
				DEBUG_INFORMATION_FORMAT = "dwarf-with-dsym";
				ENABLE_NS_ASSERTIONS = NO;
				ENABLE_STRICT_OBJC_MSGSEND = YES;
				GCC_C_LANGUAGE_STANDARD = gnu11;
				GCC_NO_COMMON_BLOCKS = YES;
				GCC_WARN_64_TO_32_BIT_CONVERSION = YES;
				GCC_WARN_ABOUT_RETURN_TYPE = YES_ERROR;
				GCC_WARN_UNDECLARED_SELECTOR = YES;
				GCC_WARN_UNINITIALIZED_AUTOS = YES_AGGRESSIVE;
				GCC_WARN_UNUSED_FUNCTION = YES;
				GCC_WARN_UNUSED_VARIABLE = YES;
				IPHONEOS_DEPLOYMENT_TARGET = 16.1;
				MTL_ENABLE_DEBUG_INFO = NO;
				MTL_FAST_MATH = YES;
				SDKROOT = iphoneos;
				SWIFT_COMPILATION_MODE = wholemodule;
				SWIFT_OPTIMIZATION_LEVEL = "-O";
				VALIDATE_PRODUCT = YES;
			};
			name = Release;
		};
		CC87599C292D35480001EB6B /* Debug */ = {
			isa = XCBuildConfiguration;
			buildSettings = {
				ASSETCATALOG_COMPILER_APPICON_NAME = AppIcon;
				ASSETCATALOG_COMPILER_GLOBAL_ACCENT_COLOR_NAME = AccentColor;
				CODE_SIGN_STYLE = Automatic;
				CURRENT_PROJECT_VERSION = 1;
				GENERATE_INFOPLIST_FILE = YES;
				INFOPLIST_FILE = CleanSwiftGreeting/Info.plist;
				INFOPLIST_KEY_UIApplicationSupportsIndirectInputEvents = YES;
				INFOPLIST_KEY_UILaunchStoryboardName = LaunchScreen;
				INFOPLIST_KEY_UIMainStoryboardFile = Main;
				INFOPLIST_KEY_UISupportedInterfaceOrientations_iPad = "UIInterfaceOrientationPortrait UIInterfaceOrientationPortraitUpsideDown UIInterfaceOrientationLandscapeLeft UIInterfaceOrientationLandscapeRight";
				INFOPLIST_KEY_UISupportedInterfaceOrientations_iPhone = "UIInterfaceOrientationPortrait UIInterfaceOrientationLandscapeLeft UIInterfaceOrientationLandscapeRight";
				LD_RUNPATH_SEARCH_PATHS = (
					"$(inherited)",
					"@executable_path/Frameworks",
				);
				MARKETING_VERSION = 1.0;
				PRODUCT_BUNDLE_IDENTIFIER = ru.alexgaida.CleanSwiftGreeting;
				PRODUCT_NAME = "$(TARGET_NAME)";
				SUPPORTED_PLATFORMS = "iphoneos iphonesimulator";
				SUPPORTS_MACCATALYST = NO;
				SUPPORTS_MAC_DESIGNED_FOR_IPHONE_IPAD = NO;
				SWIFT_EMIT_LOC_STRINGS = YES;
				SWIFT_VERSION = 5.0;
				TARGETED_DEVICE_FAMILY = 1;
			};
			name = Debug;
		};
		CC87599D292D35480001EB6B /* Release */ = {
			isa = XCBuildConfiguration;
			buildSettings = {
				ASSETCATALOG_COMPILER_APPICON_NAME = AppIcon;
				ASSETCATALOG_COMPILER_GLOBAL_ACCENT_COLOR_NAME = AccentColor;
				CODE_SIGN_STYLE = Automatic;
				CURRENT_PROJECT_VERSION = 1;
				GENERATE_INFOPLIST_FILE = YES;
				INFOPLIST_FILE = CleanSwiftGreeting/Info.plist;
				INFOPLIST_KEY_UIApplicationSupportsIndirectInputEvents = YES;
				INFOPLIST_KEY_UILaunchStoryboardName = LaunchScreen;
				INFOPLIST_KEY_UIMainStoryboardFile = Main;
				INFOPLIST_KEY_UISupportedInterfaceOrientations_iPad = "UIInterfaceOrientationPortrait UIInterfaceOrientationPortraitUpsideDown UIInterfaceOrientationLandscapeLeft UIInterfaceOrientationLandscapeRight";
				INFOPLIST_KEY_UISupportedInterfaceOrientations_iPhone = "UIInterfaceOrientationPortrait UIInterfaceOrientationLandscapeLeft UIInterfaceOrientationLandscapeRight";
				LD_RUNPATH_SEARCH_PATHS = (
					"$(inherited)",
					"@executable_path/Frameworks",
				);
				MARKETING_VERSION = 1.0;
				PRODUCT_BUNDLE_IDENTIFIER = ru.alexgaida.CleanSwiftGreeting;
				PRODUCT_NAME = "$(TARGET_NAME)";
				SUPPORTED_PLATFORMS = "iphoneos iphonesimulator";
				SUPPORTS_MACCATALYST = NO;
				SUPPORTS_MAC_DESIGNED_FOR_IPHONE_IPAD = NO;
				SWIFT_EMIT_LOC_STRINGS = YES;
				SWIFT_VERSION = 5.0;
				TARGETED_DEVICE_FAMILY = 1;
			};
			name = Release;
		};
/* End XCBuildConfiguration section */

/* Begin XCConfigurationList section */
		CC875982292D35440001EB6B /* Build configuration list for PBXProject "CleanSwiftGreeting" */ = {
			isa = XCConfigurationList;
			buildConfigurations = (
				CC875999292D35480001EB6B /* Debug */,
				CC87599A292D35480001EB6B /* Release */,
			);
			defaultConfigurationIsVisible = 0;
			defaultConfigurationName = Release;
		};
		CC87599B292D35480001EB6B /* Build configuration list for PBXNativeTarget "CleanSwiftGreeting" */ = {
			isa = XCConfigurationList;
			buildConfigurations = (
				CC87599C292D35480001EB6B /* Debug */,
				CC87599D292D35480001EB6B /* Release */,
			);
			defaultConfigurationIsVisible = 0;
			defaultConfigurationName = Release;
		};
/* End XCConfigurationList section */
	};
	rootObject = CC87597F292D35440001EB6B /* Project object */;
}
